
Microsoft Visual Studio Solution File, Format Version 12.00
# Visual Studio Version 16
VisualStudioVersion = 16.0.31321.278
MinimumVisualStudioVersion = 10.0.40219.1
Project("{FAE04EC0-301F-11D3-BF4B-00C04F79EFBC}") = "ex25", "ex25\ex25.csproj", "{EDA7A1EB-11CE-48F1-AEA1-1B32C3BE659C}"
EndProject
Project("{FAE04EC0-301F-11D3-BF4B-00C04F79EFBC}") = "ex27", "ex27\ex27.csproj", "{661D15E2-4C6A-42E7-8B22-EB4266DA07CF}"
EndProject
Project("{FAE04EC0-301F-11D3-BF4B-00C04F79EFBC}") = "ex29", "ex29\ex29.csproj", "{5ED167B1-090D-4EDF-9904-6B016C45346F}"
EndProject
Global
	GlobalSection(SolutionConfigurationPlatforms) = preSolution
		Debug|Any CPU = Debug|Any CPU
		Release|Any CPU = Release|Any CPU
	EndGlobalSection
	GlobalSection(ProjectConfigurationPlatforms) = postSolution
		{EDA7A1EB-11CE-48F1-AEA1-1B32C3BE659C}.Debug|Any CPU.ActiveCfg = Debug|Any CPU
		{EDA7A1EB-11CE-48F1-AEA1-1B32C3BE659C}.Debug|Any CPU.Build.0 = Debug|Any CPU
		{EDA7A1EB-11CE-48F1-AEA1-1B32C3BE659C}.Release|Any CPU.ActiveCfg = Release|Any CPU
		{EDA7A1EB-11CE-48F1-AEA1-1B32C3BE659C}.Release|Any CPU.Build.0 = Release|Any CPU
		{661D15E2-4C6A-42E7-8B22-EB4266DA07CF}.Debug|Any CPU.ActiveCfg = Debug|Any CPU
		{661D15E2-4C6A-42E7-8B22-EB4266DA07CF}.Debug|Any CPU.Build.0 = Debug|Any CPU
		{661D15E2-4C6A-42E7-8B22-EB4266DA07CF}.Release|Any CPU.ActiveCfg = Release|Any CPU
		{661D15E2-4C6A-42E7-8B22-EB4266DA07CF}.Release|Any CPU.Build.0 = Release|Any CPU
		{5ED167B1-090D-4EDF-9904-6B016C45346F}.Debug|Any CPU.ActiveCfg = Debug|Any CPU
		{5ED167B1-090D-4EDF-9904-6B016C45346F}.Debug|Any CPU.Build.0 = Debug|Any CPU
		{5ED167B1-090D-4EDF-9904-6B016C45346F}.Release|Any CPU.ActiveCfg = Release|Any CPU
		{5ED167B1-090D-4EDF-9904-6B016C45346F}.Release|Any CPU.Build.0 = Release|Any CPU
	EndGlobalSection
	GlobalSection(SolutionProperties) = preSolution
		HideSolutionNode = FALSE
	EndGlobalSection
	GlobalSection(ExtensibilityGlobals) = postSolution
		SolutionGuid = {DA38CFEF-47F7-463D-B8DF-01D74E2B91BD}
	EndGlobalSection
EndGlobal
